
Microsoft Visual Studio Solution File, Format Version 12.00
# Visual Studio 14
VisualStudioVersion = 14.0.25420.1
MinimumVisualStudioVersion = 10.0.40219.1
Project("{FAE04EC0-301F-11D3-BF4B-00C04F79EFBC}") = "DataStructureDemo", "DataStructureDemo.csproj", "{D8DCF63D-C822-490B-AB1F-73E2279FB99F}"
EndProject
Project("{FAE04EC0-301F-11D3-BF4B-00C04F79EFBC}") = "AppendixDemo", "..\AppendixDemo\AppendixDemo.csproj", "{70D9C46D-8FD7-49F1-AAA1-8F3D2908639D}"
EndProject
Global
	GlobalSection(SolutionConfigurationPlatforms) = preSolution
		Debug|Any CPU = Debug|Any CPU
		Release|Any CPU = Release|Any CPU
	EndGlobalSection
	GlobalSection(ProjectConfigurationPlatforms) = postSolution
		{D8DCF63D-C822-490B-AB1F-73E2279FB99F}.Debug|Any CPU.ActiveCfg = Debug|Any CPU
		{D8DCF63D-C822-490B-AB1F-73E2279FB99F}.Debug|Any CPU.Build.0 = Debug|Any CPU
		{D8DCF63D-C822-490B-AB1F-73E2279FB99F}.Release|Any CPU.ActiveCfg = Release|Any CPU
		{D8DCF63D-C822-490B-AB1F-73E2279FB99F}.Release|Any CPU.Build.0 = Release|Any CPU
		{70D9C46D-8FD7-49F1-AAA1-8F3D2908639D}.Debug|Any CPU.ActiveCfg = Debug|Any CPU
		{70D9C46D-8FD7-49F1-AAA1-8F3D2908639D}.Debug|Any CPU.Build.0 = Debug|Any CPU
		{70D9C46D-8FD7-49F1-AAA1-8F3D2908639D}.Release|Any CPU.ActiveCfg = Release|Any CPU
		{70D9C46D-8FD7-49F1-AAA1-8F3D2908639D}.Release|Any CPU.Build.0 = Release|Any CPU
	EndGlobalSection
	GlobalSection(SolutionProperties) = preSolution
		HideSolutionNode = FALSE
	EndGlobalSection
EndGlobal
